
Microsoft Visual Studio Solution File, Format Version 12.00
# Visual Studio Version 16
VisualStudioVersion = 16.0.30225.117
MinimumVisualStudioVersion = 10.0.40219.1
Project("{9A19103F-16F7-4668-BE54-9A1E7A4F7556}") = "SistemaLojaMVC", "Mvc_Project\SistemaLojaMVC.csproj", "{5F5DBD6B-3EC6-4564-B2D5-DFE92AF79CBC}"
EndProject
Global
	GlobalSection(SolutionConfigurationPlatforms) = preSolution
		Debug|Any CPU = Debug|Any CPU
		Release|Any CPU = Release|Any CPU
	EndGlobalSection
	GlobalSection(ProjectConfigurationPlatforms) = postSolution
		{5F5DBD6B-3EC6-4564-B2D5-DFE92AF79CBC}.Debug|Any CPU.ActiveCfg = Debug|Any CPU
		{5F5DBD6B-3EC6-4564-B2D5-DFE92AF79CBC}.Debug|Any CPU.Build.0 = Debug|Any CPU
		{5F5DBD6B-3EC6-4564-B2D5-DFE92AF79CBC}.Release|Any CPU.ActiveCfg = Release|Any CPU
		{5F5DBD6B-3EC6-4564-B2D5-DFE92AF79CBC}.Release|Any CPU.Build.0 = Release|Any CPU
	EndGlobalSection
	GlobalSection(SolutionProperties) = preSolution
		HideSolutionNode = FALSE
	EndGlobalSection
	GlobalSection(ExtensibilityGlobals) = postSolution
		SolutionGuid = {FE6CCCD6-D559-4219-B8AC-B7F435A21BFB}
	EndGlobalSection
EndGlobal
